
Microsoft Visual Studio Solution File, Format Version 12.00
# Visual Studio Version 16
VisualStudioVersion = 16.0.29230.47
MinimumVisualStudioVersion = 10.0.40219.1
Project("{FAE04EC0-301F-11D3-BF4B-00C04F79EFBC}") = "LR1", "LR1\LR1.csproj", "{C095E3A6-80BD-47B7-A26D-FFD343DE1DBA}"
EndProject
Global
	GlobalSection(SolutionConfigurationPlatforms) = preSolution
		Debug|Any CPU = Debug|Any CPU
		Release|Any CPU = Release|Any CPU
	EndGlobalSection
	GlobalSection(ProjectConfigurationPlatforms) = postSolution
		{C095E3A6-80BD-47B7-A26D-FFD343DE1DBA}.Debug|Any CPU.ActiveCfg = Debug|Any CPU
		{C095E3A6-80BD-47B7-A26D-FFD343DE1DBA}.Debug|Any CPU.Build.0 = Debug|Any CPU
		{C095E3A6-80BD-47B7-A26D-FFD343DE1DBA}.Release|Any CPU.ActiveCfg = Release|Any CPU
		{C095E3A6-80BD-47B7-A26D-FFD343DE1DBA}.Release|Any CPU.Build.0 = Release|Any CPU
	EndGlobalSection
	GlobalSection(SolutionProperties) = preSolution
		HideSolutionNode = FALSE
	EndGlobalSection
	GlobalSection(ExtensibilityGlobals) = postSolution
		SolutionGuid = {654C4B07-69BC-439D-972E-C708C5BF196F}
	EndGlobalSection
EndGlobal
